PODS:
  - Alamofire (4.2.0)
  - AlamofireImage (3.2.0):
    - Alamofire (~> 4.1)
  - FontAwesomeKit/Core (2.2.1)
  - MMDrawerController (0.6.0):
    - MMDrawerController/Core (= 0.6.0)
    - MMDrawerController/MMDrawerBarButtonItem (= 0.6.0)
    - MMDrawerController/MMDrawerVisualStates (= 0.6.0)
    - MMDrawerController/Subclass (= 0.6.0)
  - MMDrawerController/Core (0.6.0)
  - MMDrawerController/MMDrawerBarButtonItem (0.6.0):
    - MMDrawerController/Core
  - MMDrawerController/MMDrawerVisualStates (0.6.0):
    - MMDrawerController/Core
  - MMDrawerController/Subclass (0.6.0):
    - MMDrawerController/Core
  - SwiftyJSON (3.1.3)
  - SWXMLHash (3.0.3)

DEPENDENCIES:
  - Alamofire (~> 4.2.0)
  - AlamofireImage (~> 3.2.0)
  - FontAwesomeKit/Core (from `https://github.com/PrideChung/FontAwesomeKit.git`, commit `eac3031`)
  - MMDrawerController (~> 0.6.0)
  - SwiftyJSON (~> 3.1.3)
  - SWXMLHash (~> 3.0.3)

EXTERNAL SOURCES:
  FontAwesomeKit:
    :commit: eac3031
    :git: https://github.com/PrideChung/FontAwesomeKit.git

CHECKOUT OPTIONS:
  FontAwesomeKit:
    :commit: eac3031
    :git: https://github.com/PrideChung/FontAwesomeKit.git

SPEC CHECKSUMS:
  Alamofire: aa2e09d871c9160ac53c90e83c68064a94e3dfbe
  AlamofireImage: 157ed682cc81d3b9db4fb90c1f12180ac552d93b
  FontAwesomeKit: 3614979b3dbb0ec3f7fac1bd760b91f66c31db67
  MMDrawerController: e3a54a5570388463ad3b36975251575b50c4e1a0
  SwiftyJSON: 38a8ea2006779c0fc4c310cb2ee8195327740faf
  SWXMLHash: 80d2529d74891bb2f15305a0b9e08f2a4f229ee7

PODFILE CHECKSUM: 12bc425e80f4d6cc1906359666e1e1969937a3e6

COCOAPODS: 1.1.1
